// !$*UTF8*$!
{
	archiveVersion = 1;
	classes = {
	};
	objectVersion = 46;
	objects = {

/* Begin PBXBuildFile section */
		FA2771A11DB6EC43002CA5BC /* AppDelegate.swift in Sources */ = {isa = PBXBuildFile; fileRef = FA2771A01DB6EC43002CA5BC /* AppDelegate.swift */; };
		FA2771A31DB6EC43002CA5BC /* ViewController.swift in Sources */ = {isa = PBXBuildFile; fileRef = FA2771A21DB6EC43002CA5BC /* ViewController.swift */; };
		FA2771A61DB6EC43002CA5BC /* Main.storyboard in Resources */ = {isa = PBXBuildFile; fileRef = FA2771A41DB6EC43002CA5BC /* Main.storyboard */; };
		FA2771A81DB6EC43002CA5BC /* Assets.xcassets in Resources */ = {isa = PBXBuildFile; fileRef = FA2771A71DB6EC43002CA5BC /* Assets.xcassets */; };
		FA2771AB1DB6EC43002CA5BC /* LaunchScreen.storyboard in Resources */ = {isa = PBXBuildFile; fileRef = FA2771A91DB6EC43002CA5BC /* LaunchScreen.storyboard */; };
/* End PBXBuildFile section */

/* Begin PBXFileReference section */
		FA27719D1DB6EC43002CA5BC /* GermanyFlag.app */ = {isa = PBXFileReference; explicitFileType = wrapper.application; includeInIndex = 0; path = GermanyFlag.app; sourceTree = BUILT_PRODUCTS_DIR; };
		FA2771A01DB6EC43002CA5BC /* AppDelegate.swift */ = {isa = PBXFileReference; lastKnownFileType = sourcecode.swift; path = AppDelegate.swift; sourceTree = "<group>"; };
		FA2771A21DB6EC43002CA5BC /* ViewController.swift */ = {isa = PBXFileReference; lastKnownFileType = sourcecode.swift; path = ViewController.swift; sourceTree = "<group>"; };
		FA2771A51DB6EC43002CA5BC /* Base */ = {isa = PBXFileReference; lastKnownFileType = file.storyboard; name = Base; path = Base.lproj/Main.storyboard; sourceTree = "<group>"; };
		FA2771A71DB6EC43002CA5BC /* Assets.xcassets */ = {isa = PBXFileReference; lastKnownFileType = folder.assetcatalog; path = Assets.xcassets; sourceTree = "<group>"; };
		FA2771AA1DB6EC43002CA5BC /* Base */ = {isa = PBXFileReference; lastKnownFileType = file.storyboard; name = Base; path = Base.lproj/LaunchScreen.storyboard; sourceTree = "<group>"; };
		FA2771AC1DB6EC43002CA5BC /* Info.plist */ = {isa = PBXFileReference; lastKnownFileType = text.plist.xml; path = Info.plist; sourceTree = "<group>"; };
/* End PBXFileReference section */

/* Begin PBXFrameworksBuildPhase section */
		FA27719A1DB6EC43002CA5BC /* Frameworks */ = {
			isa = PBXFrameworksBuildPhase;
			buildActionMask = 2147483647;
			files = (
			);
			runOnlyForDeploymentPostprocessing = 0;
		};
/* End PBXFrameworksBuildPhase section */

/* Begin PBXGroup section */
		FA2771941DB6EC43002CA5BC = {
			isa = PBXGroup;
			children = (
				FA27719F1DB6EC43002CA5BC /* GermanyFlag */,
				FA27719E1DB6EC43002CA5BC /* Products */,
			);
			sourceTree = "<group>";
		};
		FA27719E1DB6EC43002CA5BC /* Products */ = {
			isa = PBXGroup;
			children = (
				FA27719D1DB6EC43002CA5BC /* GermanyFlag.app */,
			);
			name = Products;
			sourceTree = "<group>";
		};
		FA27719F1DB6EC43002CA5BC /* GermanyFlag */ = {
			isa = PBXGroup;
			children = (
				FA2771A01DB6EC43002CA5BC /* AppDelegate.swift */,
				FA2771A21DB6EC43002CA5BC /* ViewController.swift */,
				FA2771A41DB6EC43002CA5BC /* Main.storyboard */,
				FA2771A71DB6EC43002CA5BC /* Assets.xcassets */,
				FA2771A91DB6EC43002CA5BC /* LaunchScreen.storyboard */,
				FA2771AC1DB6EC43002CA5BC /* Info.plist */,
			);
			path = GermanyFlag;
			sourceTree = "<group>";
		};
/* End PBXGroup section */

/* Begin PBXNativeTarget section */
		FA27719C1DB6EC43002CA5BC /* GermanyFlag */ = {
			isa = PBXNativeTarget;
			buildConfigurationList = FA2771AF1DB6EC43002CA5BC /* Build configuration list for PBXNativeTarget "GermanyFlag" */;
			buildPhases = (
				FA2771991DB6EC43002CA5BC /* Sources */,
				FA27719A1DB6EC43002CA5BC /* Frameworks */,
				FA27719B1DB6EC43002CA5BC /* Resources */,
			);
			buildRules = (
			);
			dependencies = (
			);
			name = GermanyFlag;
			productName = GermanyFlag;
			productReference = FA27719D1DB6EC43002CA5BC /* GermanyFlag.app */;
			productType = "com.apple.product-type.application";
		};
/* End PBXNativeTarget section */

/* Begin PBXProject section */
		FA2771951DB6EC43002CA5BC /* Project object */ = {
			isa = PBXProject;
			attributes = {
				LastSwiftUpdateCheck = 0800;
				LastUpgradeCheck = 0800;
				ORGANIZATIONNAME = "Wesley Cintra Nascimento";
				TargetAttributes = {
					FA27719C1DB6EC43002CA5BC = {
						CreatedOnToolsVersion = 8.0;
						ProvisioningStyle = Automatic;
					};
				};
			};
			buildConfigurationList = FA2771981DB6EC43002CA5BC /* Build configuration list for PBXProject "GermanyFlag" */;
			compatibilityVersion = "Xcode 3.2";
			developmentRegion = English;
			hasScannedForEncodings = 0;
			knownRegions = (
				en,
				Base,
			);
			mainGroup = FA2771941DB6EC43002CA5BC;
			productRefGroup = FA27719E1DB6EC43002CA5BC /* Products */;
			projectDirPath = "";
			projectRoot = "";
			targets = (
				FA27719C1DB6EC43002CA5BC /* GermanyFlag */,
			);
		};
/* End PBXProject section */

/* Begin PBXResourcesBuildPhase section */
		FA27719B1DB6EC43002CA5BC /* Resources */ = {
			isa = PBXResourcesBuildPhase;
			buildActionMask = 2147483647;
			files = (
				FA2771AB1DB6EC43002CA5BC /* LaunchScreen.storyboard in Resources */,
				FA2771A81DB6EC43002CA5BC /* Assets.xcassets in Resources */,
				FA2771A61DB6EC43002CA5BC /* Main.storyboard in Resources */,
			);
			runOnlyForDeploymentPostprocessing = 0;
		};
/* End PBXResourcesBuildPhase section */

/* Begin PBXSourcesBuildPhase section */
		FA2771991DB6EC43002CA5BC /* Sources */ = {
			isa = PBXSourcesBuildPhase;
			buildActionMask = 2147483647;
			files = (
				FA2771A31DB6EC43002CA5BC /* ViewController.swift in Sources */,
				FA2771A11DB6EC43002CA5BC /* AppDelegate.swift in Sources */,
			);
			runOnlyForDeploymentPostprocessing = 0;
		};
/* End PBXSourcesBuildPhase section */

/* Begin PBXVariantGroup section */
		FA2771A41DB6EC43002CA5BC /* Main.storyboard */ = {
			isa = PBXVariantGroup;
			children = (
				FA2771A51DB6EC43002CA5BC /* Base */,
			);
			name = Main.storyboard;
			sourceTree = "<group>";
		};
		FA2771A91DB6EC43002CA5BC /* LaunchScreen.storyboard */ = {
			isa = PBXVariantGroup;
			children = (
				FA2771AA1DB6EC43002CA5BC /* Base */,
			);
			name = LaunchScreen.storyboard;
			sourceTree = "<group>";
		};
/* End PBXVariantGroup section */

/* Begin XCBuildConfiguration section */
		FA2771AD1DB6EC43002CA5BC /* Debug */ = {
			isa = XCBuildConfiguration;
			buildSettings = {
				ALWAYS_SEARCH_USER_PATHS = NO;
				CLANG_ANALYZER_NONNULL = YES;
				CLANG_CXX_LANGUAGE_STANDARD = "gnu++0x";
				CLANG_CXX_LIBRARY = "libc++";
				CLANG_ENABLE_MODULES = YES;
				CLANG_ENABLE_OBJC_ARC = YES;
				CLANG_WARN_BOOL_CONVERSION = YES;
				CLANG_WARN_CONSTANT_CONVERSION = YES;
				CLANG_WARN_DIRECT_OBJC_ISA_USAGE = YES_ERROR;
				CLANG_WARN_DOCUMENTATION_COMMENTS = YES;
				CLANG_WARN_EMPTY_BODY = YES;
				CLANG_WARN_ENUM_CONVERSION = YES;
				CLANG_WARN_INFINITE_RECURSION = YES;
				CLANG_WARN_INT_CONVERSION = YES;
				CLANG_WARN_OBJC_ROOT_CLASS = YES_ERROR;
				CLANG_WARN_SUSPICIOUS_MOVES = YES;
				CLANG_WARN_UNREACHABLE_CODE = YES;
				CLANG_WARN__DUPLICATE_METHOD_MATCH = YES;
				"CODE_SIGN_IDENTITY[sdk=iphoneos*]" = "iPhone Developer";
				COPY_PHASE_STRIP = NO;
				DEBUG_INFORMATION_FORMAT = dwarf;
				ENABLE_STRICT_OBJC_MSGSEND = YES;
				ENABLE_TESTABILITY = YES;
				GCC_C_LANGUAGE_STANDARD = gnu99;
				GCC_DYNAMIC_NO_PIC = NO;
				GCC_NO_COMMON_BLOCKS = YES;
				GCC_OPTIMIZATION_LEVEL = 0;
				GCC_PREPROCESSOR_DEFINITIONS = (
					"DEBUG=1",
					"$(inherited)",
				);
				GCC_WARN_64_TO_32_BIT_CONVERSION = YES;
				GCC_WARN_ABOUT_RETURN_TYPE = YES_ERROR;
				GCC_WARN_UNDECLARED_SELECTOR = YES;
				GCC_WARN_UNINITIALIZED_AUTOS = YES_AGGRESSIVE;
				GCC_WARN_UNUSED_FUNCTION = YES;
				GCC_WARN_UNUSED_VARIABLE = YES;
				IPHONEOS_DEPLOYMENT_TARGET = 10.0;
				MTL_ENABLE_DEBUG_INFO = YES;
				ONLY_ACTIVE_ARCH = YES;
				SDKROOT = iphoneos;
				SWIFT_ACTIVE_COMPILATION_CONDITIONS = DEBUG;
				SWIFT_OPTIMIZATION_LEVEL = "-Onone";
				TARGETED_DEVICE_FAMILY = "1,2";
			};
			name = Debug;
		};
		FA2771AE1DB6EC43002CA5BC /* Release */ = {
			isa = XCBuildConfiguration;
			buildSettings = {
				ALWAYS_SEARCH_USER_PATHS = NO;
				CLANG_ANALYZER_NONNULL = YES;
				CLANG_CXX_LANGUAGE_STANDARD = "gnu++0x";
				CLANG_CXX_LIBRARY = "libc++";
				CLANG_ENABLE_MODULES = YES;
				CLANG_ENABLE_OBJC_ARC = YES;
				CLANG_WARN_BOOL_CONVERSION = YES;
				CLANG_WARN_CONSTANT_CONVERSION = YES;
				CLANG_WARN_DIRECT_OBJC_ISA_USAGE = YES_ERROR;
				CLANG_WARN_DOCUMENTATION_COMMENTS = YES;
				CLANG_WARN_EMPTY_BODY = YES;
				CLANG_WARN_ENUM_CONVERSION = YES;
				CLANG_WARN_INFINITE_RECURSION = YES;
				CLANG_WARN_INT_CONVERSION = YES;
				CLANG_WARN_OBJC_ROOT_CLASS = YES_ERROR;
				CLANG_WARN_SUSPICIOUS_MOVES = YES;
				CLANG_WARN_UNREACHABLE_CODE = YES;
				CLANG_WARN__DUPLICATE_METHOD_MATCH = YES;
				"CODE_SIGN_IDENTITY[sdk=iphoneos*]" = "iPhone Developer";
				COPY_PHASE_STRIP = NO;
				DEBUG_INFORMATION_FORMAT = "dwarf-with-dsym";
				ENABLE_NS_ASSERTIONS = NO;
				ENABLE_STRICT_OBJC_MSGSEND = YES;
				GCC_C_LANGUAGE_STANDARD = gnu99;
				GCC_NO_COMMON_BLOCKS = YES;
				GCC_WARN_64_TO_32_BIT_CONVERSION = YES;
				GCC_WARN_ABOUT_RETURN_TYPE = YES_ERROR;
				GCC_WARN_UNDECLARED_SELECTOR = YES;
				GCC_WARN_UNINITIALIZED_AUTOS = YES_AGGRESSIVE;
				GCC_WARN_UNUSED_FUNCTION = YES;
				GCC_WARN_UNUSED_VARIABLE = YES;
				IPHONEOS_DEPLOYMENT_TARGET = 10.0;
				MTL_ENABLE_DEBUG_INFO = NO;
				SDKROOT = iphoneos;
				SWIFT_OPTIMIZATION_LEVEL = "-Owholemodule";
				TARGETED_DEVICE_FAMILY = "1,2";
				VALIDATE_PRODUCT = YES;
			};
			name = Release;
		};
		FA2771B01DB6EC43002CA5BC /* Debug */ = {
			isa = XCBuildConfiguration;
			buildSettings = {
				ASSETCATALOG_COMPILER_APPICON_NAME = AppIcon;
				INFOPLIST_FILE = GermanyFlag/Info.plist;
				LD_RUNPATH_SEARCH_PATHS = "$(inherited) @executable_path/Frameworks";
				PRODUCT_BUNDLE_IDENTIFIER = NascimentoWes.GermanyFlag;
				PRODUCT_NAME = "$(TARGET_NAME)";
				SWIFT_VERSION = 3.0;
			};
			name = Debug;
		};
		FA2771B11DB6EC43002CA5BC /* Release */ = {
			isa = XCBuildConfiguration;
			buildSettings = {
				ASSETCATALOG_COMPILER_APPICON_NAME = AppIcon;
				INFOPLIST_FILE = GermanyFlag/Info.plist;
				LD_RUNPATH_SEARCH_PATHS = "$(inherited) @executable_path/Frameworks";
				PRODUCT_BUNDLE_IDENTIFIER = NascimentoWes.GermanyFlag;
				PRODUCT_NAME = "$(TARGET_NAME)";
				SWIFT_VERSION = 3.0;
			};
			name = Release;
		};
/* End XCBuildConfiguration section */

/* Begin XCConfigurationList section */
		FA2771981DB6EC43002CA5BC /* Build configuration list for PBXProject "GermanyFlag" */ = {
			isa = XCConfigurationList;
			buildConfigurations = (
				FA2771AD1DB6EC43002CA5BC /* Debug */,
				FA2771AE1DB6EC43002CA5BC /* Release */,
			);
			defaultConfigurationIsVisible = 0;
			defaultConfigurationName = Release;
		};
		FA2771AF1DB6EC43002CA5BC /* Build configuration list for PBXNativeTarget "GermanyFlag" */ = {
			isa = XCConfigurationList;
			buildConfigurations = (
				FA2771B01DB6EC43002CA5BC /* Debug */,
				FA2771B11DB6EC43002CA5BC /* Release */,
			);
			defaultConfigurationIsVisible = 0;
		};
/* End XCConfigurationList section */
	};
	rootObject = FA2771951DB6EC43002CA5BC /* Project object */;
}
